
Microsoft Visual Studio Solution File, Format Version 12.00
# Visual Studio Version 16
VisualStudioVersion = 16.0.29230.47
MinimumVisualStudioVersion = 10.0.40219.1
Project("{FAE04EC0-301F-11D3-BF4B-00C04F79EFBC}") = "GameDatabase App", "GameDatabase App\GameDatabase App.csproj", "{895CC551-7BDA-4F3A-A870-7EE94FA118E2}"
EndProject
Global
	GlobalSection(SolutionConfigurationPlatforms) = preSolution
		Debug|Any CPU = Debug|Any CPU
		Release|Any CPU = Release|Any CPU
	EndGlobalSection
	GlobalSection(ProjectConfigurationPlatforms) = postSolution
		{895CC551-7BDA-4F3A-A870-7EE94FA118E2}.Debug|Any CPU.ActiveCfg = Debug|Any CPU
		{895CC551-7BDA-4F3A-A870-7EE94FA118E2}.Debug|Any CPU.Build.0 = Debug|Any CPU
		{895CC551-7BDA-4F3A-A870-7EE94FA118E2}.Release|Any CPU.ActiveCfg = Release|Any CPU
		{895CC551-7BDA-4F3A-A870-7EE94FA118E2}.Release|Any CPU.Build.0 = Release|Any CPU
	EndGlobalSection
	GlobalSection(SolutionProperties) = preSolution
		HideSolutionNode = FALSE
	EndGlobalSection
	GlobalSection(ExtensibilityGlobals) = postSolution
		SolutionGuid = {AEC4E78E-7FB1-41EB-99A4-B5641EA61DAD}
	EndGlobalSection
EndGlobal
